
Microsoft Visual Studio Solution File, Format Version 12.00
# Visual Studio Version 17
VisualStudioVersion = 17.4.33213.308
MinimumVisualStudioVersion = 10.0.40219.1
Project("{9A19103F-16F7-4668-BE54-9A1E7A4F7556}") = "MA-Control", "MA-Control\MA-Control.csproj", "{C48335F9-9FBD-4803-AAF0-6AC8FED4BFF2}"
	ProjectSection(ProjectDependencies) = postProject
		{C5B9F1BB-F3E0-42F8-8BC2-40D3DEFD4A72} = {C5B9F1BB-F3E0-42F8-8BC2-40D3DEFD4A72}
	EndProjectSection
EndProject
Project("{9A19103F-16F7-4668-BE54-9A1E7A4F7556}") = "Library", "Library\Library.csproj", "{C5B9F1BB-F3E0-42F8-8BC2-40D3DEFD4A72}"
EndProject
Project("{2150E333-8FDC-42A3-9474-1A3956D46DE8}") = "Solution Items", "Solution Items", "{DA2AA422-9E4B-446E-900D-860410481F6B}"
	ProjectSection(SolutionItems) = preProject
		README.md = README.md
	EndProjectSection
EndProject
Global
	GlobalSection(SolutionConfigurationPlatforms) = preSolution
		Debug|Any CPU = Debug|Any CPU
		Debug|x64 = Debug|x64
		Release|Any CPU = Release|Any CPU
		Release|x64 = Release|x64
	EndGlobalSection
	GlobalSection(ProjectConfigurationPlatforms) = postSolution
		{C48335F9-9FBD-4803-AAF0-6AC8FED4BFF2}.Debug|Any CPU.ActiveCfg = Debug|Any CPU
		{C48335F9-9FBD-4803-AAF0-6AC8FED4BFF2}.Debug|Any CPU.Build.0 = Debug|Any CPU
		{C48335F9-9FBD-4803-AAF0-6AC8FED4BFF2}.Debug|x64.ActiveCfg = Debug|x64
		{C48335F9-9FBD-4803-AAF0-6AC8FED4BFF2}.Debug|x64.Build.0 = Debug|x64
		{C48335F9-9FBD-4803-AAF0-6AC8FED4BFF2}.Release|Any CPU.ActiveCfg = Release|Any CPU
		{C48335F9-9FBD-4803-AAF0-6AC8FED4BFF2}.Release|Any CPU.Build.0 = Release|Any CPU
		{C48335F9-9FBD-4803-AAF0-6AC8FED4BFF2}.Release|x64.ActiveCfg = Release|x64
		{C48335F9-9FBD-4803-AAF0-6AC8FED4BFF2}.Release|x64.Build.0 = Release|x64
		{C5B9F1BB-F3E0-42F8-8BC2-40D3DEFD4A72}.Debug|Any CPU.ActiveCfg = Debug|Any CPU
		{C5B9F1BB-F3E0-42F8-8BC2-40D3DEFD4A72}.Debug|Any CPU.Build.0 = Debug|Any CPU
		{C5B9F1BB-F3E0-42F8-8BC2-40D3DEFD4A72}.Debug|x64.ActiveCfg = Debug|Any CPU
		{C5B9F1BB-F3E0-42F8-8BC2-40D3DEFD4A72}.Debug|x64.Build.0 = Debug|Any CPU
		{C5B9F1BB-F3E0-42F8-8BC2-40D3DEFD4A72}.Release|Any CPU.ActiveCfg = Release|Any CPU
		{C5B9F1BB-F3E0-42F8-8BC2-40D3DEFD4A72}.Release|Any CPU.Build.0 = Release|Any CPU
		{C5B9F1BB-F3E0-42F8-8BC2-40D3DEFD4A72}.Release|x64.ActiveCfg = Release|Any CPU
		{C5B9F1BB-F3E0-42F8-8BC2-40D3DEFD4A72}.Release|x64.Build.0 = Release|Any CPU
	EndGlobalSection
	GlobalSection(SolutionProperties) = preSolution
		HideSolutionNode = FALSE
	EndGlobalSection
	GlobalSection(ExtensibilityGlobals) = postSolution
		SolutionGuid = {D35F395C-D5A8-4268-B1B9-BF0BD2948526}
	EndGlobalSection
EndGlobal
